
Microsoft Visual Studio Solution File, Format Version 12.00
# Visual Studio 15
VisualStudioVersion = 15.0.27004.2005
MinimumVisualStudioVersion = 10.0.40219.1
Project("{FAE04EC0-301F-11D3-BF4B-00C04F79EFBC}") = "misson3", "misson3\misson3.csproj", "{887F93E1-0B54-44C2-975C-EE57B58ABE12}"
EndProject
Global
	GlobalSection(SolutionConfigurationPlatforms) = preSolution
		Debug|Any CPU = Debug|Any CPU
		Release|Any CPU = Release|Any CPU
	EndGlobalSection
	GlobalSection(ProjectConfigurationPlatforms) = postSolution
		{887F93E1-0B54-44C2-975C-EE57B58ABE12}.Debug|Any CPU.ActiveCfg = Debug|Any CPU
		{887F93E1-0B54-44C2-975C-EE57B58ABE12}.Debug|Any CPU.Build.0 = Debug|Any CPU
		{887F93E1-0B54-44C2-975C-EE57B58ABE12}.Release|Any CPU.ActiveCfg = Release|Any CPU
		{887F93E1-0B54-44C2-975C-EE57B58ABE12}.Release|Any CPU.Build.0 = Release|Any CPU
	EndGlobalSection
	GlobalSection(SolutionProperties) = preSolution
		HideSolutionNode = FALSE
	EndGlobalSection
	GlobalSection(ExtensibilityGlobals) = postSolution
		SolutionGuid = {06026E9B-44C1-4E49-B443-99D1B0715D34}
	EndGlobalSection
EndGlobal
